
Microsoft Visual Studio Solution File, Format Version 12.00
# Visual Studio Version 16
VisualStudioVersion = 16.0.32413.511
MinimumVisualStudioVersion = 10.0.40219.1
Project("{FAE04EC0-301F-11D3-BF4B-00C04F79EFBC}") = "Knitting_products_2", "Knitting_products_2\Knitting_products_2.csproj", "{8E3104BA-A97F-4B7A-95AD-AABDAEFE3632}"
EndProject
Global
	GlobalSection(SolutionConfigurationPlatforms) = preSolution
		Debug|Any CPU = Debug|Any CPU
		Release|Any CPU = Release|Any CPU
	EndGlobalSection
	GlobalSection(ProjectConfigurationPlatforms) = postSolution
		{8E3104BA-A97F-4B7A-95AD-AABDAEFE3632}.Debug|Any CPU.ActiveCfg = Debug|Any CPU
		{8E3104BA-A97F-4B7A-95AD-AABDAEFE3632}.Debug|Any CPU.Build.0 = Debug|Any CPU
		{8E3104BA-A97F-4B7A-95AD-AABDAEFE3632}.Release|Any CPU.ActiveCfg = Release|Any CPU
		{8E3104BA-A97F-4B7A-95AD-AABDAEFE3632}.Release|Any CPU.Build.0 = Release|Any CPU
	EndGlobalSection
	GlobalSection(SolutionProperties) = preSolution
		HideSolutionNode = FALSE
	EndGlobalSection
	GlobalSection(ExtensibilityGlobals) = postSolution
		SolutionGuid = {D9AD2D7E-FBA1-496C-8D09-296C11A2D5C7}
	EndGlobalSection
EndGlobal
